// !$*UTF8*$!
{
	archiveVersion = 1;
	classes = {
	};
	objectVersion = 56;
	objects = {

/* Begin PBXBuildFile section */
		641BC5532A1DACC600C83D8B /* story_1_panel_2.swift in Sources */ = {isa = PBXBuildFile; fileRef = 641BC5522A1DACC600C83D8B /* story_1_panel_2.swift */; };
		641D1F5C2A00C8FE00F369CA /* pocket_studioApp.swift in Sources */ = {isa = PBXBuildFile; fileRef = 641D1F5B2A00C8FE00F369CA /* pocket_studioApp.swift */; };
		641D1F602A00C8FF00F369CA /* Assets.xcassets in Resources */ = {isa = PBXBuildFile; fileRef = 641D1F5F2A00C8FF00F369CA /* Assets.xcassets */; };
		641D1F632A00C8FF00F369CA /* Preview Assets.xcassets in Resources */ = {isa = PBXBuildFile; fileRef = 641D1F622A00C8FF00F369CA /* Preview Assets.xcassets */; };
		641D1F6A2A00C92400F369CA /* SplashScreenView.swift in Sources */ = {isa = PBXBuildFile; fileRef = 641D1F692A00C92400F369CA /* SplashScreenView.swift */; };
		641D1F6C2A00C94D00F369CA /* StartView.swift in Sources */ = {isa = PBXBuildFile; fileRef = 641D1F6B2A00C94D00F369CA /* StartView.swift */; };
		641D1F6E2A00C95D00F369CA /* story_1_panel_1.swift in Sources */ = {isa = PBXBuildFile; fileRef = 641D1F6D2A00C95D00F369CA /* story_1_panel_1.swift */; };
		643311122A0476760031C3AE /* WelcomeView.swift in Sources */ = {isa = PBXBuildFile; fileRef = 643311112A0476760031C3AE /* WelcomeView.swift */; };
		64625A8D2A0DFC2C00008D5D /* JournalView.swift in Sources */ = {isa = PBXBuildFile; fileRef = 64625A8C2A0DFC2C00008D5D /* JournalView.swift */; };
		64625A8F2A0E050100008D5D /* LandingPageView.swift in Sources */ = {isa = PBXBuildFile; fileRef = 64625A8E2A0E050100008D5D /* LandingPageView.swift */; };
		64625A912A0E075C00008D5D /* UserProfileView.swift in Sources */ = {isa = PBXBuildFile; fileRef = 64625A902A0E075C00008D5D /* UserProfileView.swift */; };
		64E9D8982A00ECB7000F7A71 /* NameView.swift in Sources */ = {isa = PBXBuildFile; fileRef = 64E9D8972A00ECB7000F7A71 /* NameView.swift */; };
/* End PBXBuildFile section */

/* Begin PBXFileReference section */
		641BC5522A1DACC600C83D8B /* story_1_panel_2.swift */ = {isa = PBXFileReference; lastKnownFileType = sourcecode.swift; path = story_1_panel_2.swift; sourceTree = "<group>"; };
		641D1F582A00C8FE00F369CA /* pocket-studio.app */ = {isa = PBXFileReference; explicitFileType = wrapper.application; includeInIndex = 0; path = "pocket-studio.app"; sourceTree = BUILT_PRODUCTS_DIR; };
		641D1F5B2A00C8FE00F369CA /* pocket_studioApp.swift */ = {isa = PBXFileReference; lastKnownFileType = sourcecode.swift; path = pocket_studioApp.swift; sourceTree = "<group>"; };
		641D1F5F2A00C8FF00F369CA /* Assets.xcassets */ = {isa = PBXFileReference; lastKnownFileType = folder.assetcatalog; path = Assets.xcassets; sourceTree = "<group>"; };
		641D1F622A00C8FF00F369CA /* Preview Assets.xcassets */ = {isa = PBXFileReference; lastKnownFileType = folder.assetcatalog; path = "Preview Assets.xcassets"; sourceTree = "<group>"; };
		641D1F692A00C92400F369CA /* SplashScreenView.swift */ = {isa = PBXFileReference; lastKnownFileType = sourcecode.swift; path = SplashScreenView.swift; sourceTree = "<group>"; };
		641D1F6B2A00C94D00F369CA /* StartView.swift */ = {isa = PBXFileReference; lastKnownFileType = sourcecode.swift; path = StartView.swift; sourceTree = "<group>"; };
		641D1F6D2A00C95D00F369CA /* story_1_panel_1.swift */ = {isa = PBXFileReference; lastKnownFileType = sourcecode.swift; path = story_1_panel_1.swift; sourceTree = "<group>"; };
		643311112A0476760031C3AE /* WelcomeView.swift */ = {isa = PBXFileReference; lastKnownFileType = sourcecode.swift; path = WelcomeView.swift; sourceTree = "<group>"; };
		64625A8C2A0DFC2C00008D5D /* JournalView.swift */ = {isa = PBXFileReference; lastKnownFileType = sourcecode.swift; path = JournalView.swift; sourceTree = "<group>"; };
		64625A8E2A0E050100008D5D /* LandingPageView.swift */ = {isa = PBXFileReference; lastKnownFileType = sourcecode.swift; path = LandingPageView.swift; sourceTree = "<group>"; };
		64625A902A0E075C00008D5D /* UserProfileView.swift */ = {isa = PBXFileReference; lastKnownFileType = sourcecode.swift; path = UserProfileView.swift; sourceTree = "<group>"; };
		64E9D8972A00ECB7000F7A71 /* NameView.swift */ = {isa = PBXFileReference; lastKnownFileType = sourcecode.swift; path = NameView.swift; sourceTree = "<group>"; };
/* End PBXFileReference section */

/* Begin PBXFrameworksBuildPhase section */
		641D1F552A00C8FE00F369CA /* Frameworks */ = {
			isa = PBXFrameworksBuildPhase;
			buildActionMask = 2147483647;
			files = (
			);
			runOnlyForDeploymentPostprocessing = 0;
		};
/* End PBXFrameworksBuildPhase section */

/* Begin PBXGroup section */
		641D1F4F2A00C8FE00F369CA = {
			isa = PBXGroup;
			children = (
				641D1F5A2A00C8FE00F369CA /* pocket-studio */,
				641D1F592A00C8FE00F369CA /* Products */,
			);
			sourceTree = "<group>";
		};
		641D1F592A00C8FE00F369CA /* Products */ = {
			isa = PBXGroup;
			children = (
				641D1F582A00C8FE00F369CA /* pocket-studio.app */,
			);
			name = Products;
			sourceTree = "<group>";
		};
		641D1F5A2A00C8FE00F369CA /* pocket-studio */ = {
			isa = PBXGroup;
			children = (
				641D1F5B2A00C8FE00F369CA /* pocket_studioApp.swift */,
				641D1F692A00C92400F369CA /* SplashScreenView.swift */,
				641D1F6B2A00C94D00F369CA /* StartView.swift */,
				64E9D8972A00ECB7000F7A71 /* NameView.swift */,
				643311112A0476760031C3AE /* WelcomeView.swift */,
				64625A932A0E0E4000008D5D /* Views */,
				64625A922A0E076100008D5D /* Art */,
				641D1F5F2A00C8FF00F369CA /* Assets.xcassets */,
				641D1F612A00C8FF00F369CA /* Preview Content */,
			);
			path = "pocket-studio";
			sourceTree = "<group>";
		};
		641D1F612A00C8FF00F369CA /* Preview Content */ = {
			isa = PBXGroup;
			children = (
				641D1F622A00C8FF00F369CA /* Preview Assets.xcassets */,
			);
			path = "Preview Content";
			sourceTree = "<group>";
		};
		64625A922A0E076100008D5D /* Art */ = {
			isa = PBXGroup;
			children = (
				641D1F6D2A00C95D00F369CA /* story_1_panel_1.swift */,
				641BC5522A1DACC600C83D8B /* story_1_panel_2.swift */,
			);
			name = Art;
			sourceTree = "<group>";
		};
		64625A932A0E0E4000008D5D /* Views */ = {
			isa = PBXGroup;
			children = (
				64625A8E2A0E050100008D5D /* LandingPageView.swift */,
				64625A8C2A0DFC2C00008D5D /* JournalView.swift */,
				64625A902A0E075C00008D5D /* UserProfileView.swift */,
			);
			name = Views;
			sourceTree = "<group>";
		};
/* End PBXGroup section */

/* Begin PBXNativeTarget section */
		641D1F572A00C8FE00F369CA /* pocket-studio */ = {
			isa = PBXNativeTarget;
			buildConfigurationList = 641D1F662A00C8FF00F369CA /* Build configuration list for PBXNativeTarget "pocket-studio" */;
			buildPhases = (
				641D1F542A00C8FE00F369CA /* Sources */,
				641D1F552A00C8FE00F369CA /* Frameworks */,
				641D1F562A00C8FE00F369CA /* Resources */,
			);
			buildRules = (
			);
			dependencies = (
			);
			name = "pocket-studio";
			productName = "pocket-studio";
			productReference = 641D1F582A00C8FE00F369CA /* pocket-studio.app */;
			productType = "com.apple.product-type.application";
		};
/* End PBXNativeTarget section */

/* Begin PBXProject section */
		641D1F502A00C8FE00F369CA /* Project object */ = {
			isa = PBXProject;
			attributes = {
				BuildIndependentTargetsInParallel = 1;
				LastSwiftUpdateCheck = 1430;
				LastUpgradeCheck = 1430;
				TargetAttributes = {
					641D1F572A00C8FE00F369CA = {
						CreatedOnToolsVersion = 14.3;
					};
				};
			};
			buildConfigurationList = 641D1F532A00C8FE00F369CA /* Build configuration list for PBXProject "pocket-studio" */;
			compatibilityVersion = "Xcode 14.0";
			developmentRegion = en;
			hasScannedForEncodings = 0;
			knownRegions = (
				en,
				Base,
			);
			mainGroup = 641D1F4F2A00C8FE00F369CA;
			productRefGroup = 641D1F592A00C8FE00F369CA /* Products */;
			projectDirPath = "";
			projectRoot = "";
			targets = (
				641D1F572A00C8FE00F369CA /* pocket-studio */,
			);
		};
/* End PBXProject section */

/* Begin PBXResourcesBuildPhase section */
		641D1F562A00C8FE00F369CA /* Resources */ = {
			isa = PBXResourcesBuildPhase;
			buildActionMask = 2147483647;
			files = (
				641D1F632A00C8FF00F369CA /* Preview Assets.xcassets in Resources */,
				641D1F602A00C8FF00F369CA /* Assets.xcassets in Resources */,
			);
			runOnlyForDeploymentPostprocessing = 0;
		};
/* End PBXResourcesBuildPhase section */

/* Begin PBXSourcesBuildPhase section */
		641D1F542A00C8FE00F369CA /* Sources */ = {
			isa = PBXSourcesBuildPhase;
			buildActionMask = 2147483647;
			files = (
				641BC5532A1DACC600C83D8B /* story_1_panel_2.swift in Sources */,
				641D1F6C2A00C94D00F369CA /* StartView.swift in Sources */,
				643311122A0476760031C3AE /* WelcomeView.swift in Sources */,
				64625A8D2A0DFC2C00008D5D /* JournalView.swift in Sources */,
				641D1F6E2A00C95D00F369CA /* story_1_panel_1.swift in Sources */,
				64E9D8982A00ECB7000F7A71 /* NameView.swift in Sources */,
				64625A912A0E075C00008D5D /* UserProfileView.swift in Sources */,
				641D1F5C2A00C8FE00F369CA /* pocket_studioApp.swift in Sources */,
				64625A8F2A0E050100008D5D /* LandingPageView.swift in Sources */,
				641D1F6A2A00C92400F369CA /* SplashScreenView.swift in Sources */,
			);
			runOnlyForDeploymentPostprocessing = 0;
		};
/* End PBXSourcesBuildPhase section */

/* Begin XCBuildConfiguration section */
		641D1F642A00C8FF00F369CA /* Debug */ = {
			isa = XCBuildConfiguration;
			buildSettings = {
				ALWAYS_SEARCH_USER_PATHS = NO;
				CLANG_ANALYZER_NONNULL = YES;
				CLANG_ANALYZER_NUMBER_OBJECT_CONVERSION = YES_AGGRESSIVE;
				CLANG_CXX_LANGUAGE_STANDARD = "gnu++20";
				CLANG_ENABLE_MODULES = YES;
				CLANG_ENABLE_OBJC_ARC = YES;
				CLANG_ENABLE_OBJC_WEAK = YES;
				CLANG_WARN_BLOCK_CAPTURE_AUTORELEASING = YES;
				CLANG_WARN_BOOL_CONVERSION = YES;
				CLANG_WARN_COMMA = YES;
				CLANG_WARN_CONSTANT_CONVERSION = YES;
				CLANG_WARN_DEPRECATED_OBJC_IMPLEMENTATIONS = YES;
				CLANG_WARN_DIRECT_OBJC_ISA_USAGE = YES_ERROR;
				CLANG_WARN_DOCUMENTATION_COMMENTS = YES;
				CLANG_WARN_EMPTY_BODY = YES;
				CLANG_WARN_ENUM_CONVERSION = YES;
				CLANG_WARN_INFINITE_RECURSION = YES;
				CLANG_WARN_INT_CONVERSION = YES;
				CLANG_WARN_NON_LITERAL_NULL_CONVERSION = YES;
				CLANG_WARN_OBJC_IMPLICIT_RETAIN_SELF = YES;
				CLANG_WARN_OBJC_LITERAL_CONVERSION = YES;
				CLANG_WARN_OBJC_ROOT_CLASS = YES_ERROR;
				CLANG_WARN_QUOTED_INCLUDE_IN_FRAMEWORK_HEADER = YES;
				CLANG_WARN_RANGE_LOOP_ANALYSIS = YES;
				CLANG_WARN_STRICT_PROTOTYPES = YES;
				CLANG_WARN_SUSPICIOUS_MOVE = YES;
				CLANG_WARN_UNGUARDED_AVAILABILITY = YES_AGGRESSIVE;
				CLANG_WARN_UNREACHABLE_CODE = YES;
				CLANG_WARN__DUPLICATE_METHOD_MATCH = YES;
				COPY_PHASE_STRIP = NO;
				DEBUG_INFORMATION_FORMAT = dwarf;
				ENABLE_STRICT_OBJC_MSGSEND = YES;
				ENABLE_TESTABILITY = YES;
				GCC_C_LANGUAGE_STANDARD = gnu11;
				GCC_DYNAMIC_NO_PIC = NO;
				GCC_NO_COMMON_BLOCKS = YES;
				GCC_OPTIMIZATION_LEVEL = 0;
				GCC_PREPROCESSOR_DEFINITIONS = (
					"DEBUG=1",
					"$(inherited)",
				);
				GCC_WARN_64_TO_32_BIT_CONVERSION = YES;
				GCC_WARN_ABOUT_RETURN_TYPE = YES_ERROR;
				GCC_WARN_UNDECLARED_SELECTOR = YES;
				GCC_WARN_UNINITIALIZED_AUTOS = YES_AGGRESSIVE;
				GCC_WARN_UNUSED_FUNCTION = YES;
				GCC_WARN_UNUSED_VARIABLE = YES;
				IPHONEOS_DEPLOYMENT_TARGET = 16.4;
				MTL_ENABLE_DEBUG_INFO = INCLUDE_SOURCE;
				MTL_FAST_MATH = YES;
				ONLY_ACTIVE_ARCH = YES;
				SDKROOT = iphoneos;
				SWIFT_ACTIVE_COMPILATION_CONDITIONS = DEBUG;
				SWIFT_OPTIMIZATION_LEVEL = "-Onone";
			};
			name = Debug;
		};
		641D1F652A00C8FF00F369CA /* Release */ = {
			isa = XCBuildConfiguration;
			buildSettings = {
				ALWAYS_SEARCH_USER_PATHS = NO;
				CLANG_ANALYZER_NONNULL = YES;
				CLANG_ANALYZER_NUMBER_OBJECT_CONVERSION = YES_AGGRESSIVE;
				CLANG_CXX_LANGUAGE_STANDARD = "gnu++20";
				CLANG_ENABLE_MODULES = YES;
				CLANG_ENABLE_OBJC_ARC = YES;
				CLANG_ENABLE_OBJC_WEAK = YES;
				CLANG_WARN_BLOCK_CAPTURE_AUTORELEASING = YES;
				CLANG_WARN_BOOL_CONVERSION = YES;
				CLANG_WARN_COMMA = YES;
				CLANG_WARN_CONSTANT_CONVERSION = YES;
				CLANG_WARN_DEPRECATED_OBJC_IMPLEMENTATIONS = YES;
				CLANG_WARN_DIRECT_OBJC_ISA_USAGE = YES_ERROR;
				CLANG_WARN_DOCUMENTATION_COMMENTS = YES;
				CLANG_WARN_EMPTY_BODY = YES;
				CLANG_WARN_ENUM_CONVERSION = YES;
				CLANG_WARN_INFINITE_RECURSION = YES;
				CLANG_WARN_INT_CONVERSION = YES;
				CLANG_WARN_NON_LITERAL_NULL_CONVERSION = YES;
				CLANG_WARN_OBJC_IMPLICIT_RETAIN_SELF = YES;
				CLANG_WARN_OBJC_LITERAL_CONVERSION = YES;
				CLANG_WARN_OBJC_ROOT_CLASS = YES_ERROR;
				CLANG_WARN_QUOTED_INCLUDE_IN_FRAMEWORK_HEADER = YES;
				CLANG_WARN_RANGE_LOOP_ANALYSIS = YES;
				CLANG_WARN_STRICT_PROTOTYPES = YES;
				CLANG_WARN_SUSPICIOUS_MOVE = YES;
				CLANG_WARN_UNGUARDED_AVAILABILITY = YES_AGGRESSIVE;
				CLANG_WARN_UNREACHABLE_CODE = YES;
				CLANG_WARN__DUPLICATE_METHOD_MATCH = YES;
				COPY_PHASE_STRIP = NO;
				DEBUG_INFORMATION_FORMAT = "dwarf-with-dsym";
				ENABLE_NS_ASSERTIONS = NO;
				ENABLE_STRICT_OBJC_MSGSEND = YES;
				GCC_C_LANGUAGE_STANDARD = gnu11;
				GCC_NO_COMMON_BLOCKS = YES;
				GCC_WARN_64_TO_32_BIT_CONVERSION = YES;
				GCC_WARN_ABOUT_RETURN_TYPE = YES_ERROR;
				GCC_WARN_UNDECLARED_SELECTOR = YES;
				GCC_WARN_UNINITIALIZED_AUTOS = YES_AGGRESSIVE;
				GCC_WARN_UNUSED_FUNCTION = YES;
				GCC_WARN_UNUSED_VARIABLE = YES;
				IPHONEOS_DEPLOYMENT_TARGET = 16.4;
				MTL_ENABLE_DEBUG_INFO = NO;
				MTL_FAST_MATH = YES;
				SDKROOT = iphoneos;
				SWIFT_COMPILATION_MODE = wholemodule;
				SWIFT_OPTIMIZATION_LEVEL = "-O";
				VALIDATE_PRODUCT = YES;
			};
			name = Release;
		};
		641D1F672A00C8FF00F369CA /* Debug */ = {
			isa = XCBuildConfiguration;
			buildSettings = {
				ASSETCATALOG_COMPILER_APPICON_NAME = AppIcon;
				ASSETCATALOG_COMPILER_GLOBAL_ACCENT_COLOR_NAME = AccentColor;
				CODE_SIGN_STYLE = Automatic;
				CURRENT_PROJECT_VERSION = 1;
				DEVELOPMENT_ASSET_PATHS = "\"pocket-studio/Preview Content\"";
				DEVELOPMENT_TEAM = RJFJY3KM3B;
				ENABLE_PREVIEWS = YES;
				GENERATE_INFOPLIST_FILE = YES;
				INFOPLIST_KEY_UIApplicationSceneManifest_Generation = YES;
				INFOPLIST_KEY_UIApplicationSupportsIndirectInputEvents = YES;
				INFOPLIST_KEY_UILaunchScreen_Generation = YES;
				INFOPLIST_KEY_UISupportedInterfaceOrientations_iPad = "UIInterfaceOrientationPortrait UIInterfaceOrientationPortraitUpsideDown UIInterfaceOrientationLandscapeLeft UIInterfaceOrientationLandscapeRight";
				INFOPLIST_KEY_UISupportedInterfaceOrientations_iPhone = "UIInterfaceOrientationPortrait UIInterfaceOrientationLandscapeLeft UIInterfaceOrientationLandscapeRight";
				IPHONEOS_DEPLOYMENT_TARGET = 16.0;
				LD_RUNPATH_SEARCH_PATHS = (
					"$(inherited)",
					"@executable_path/Frameworks",
				);
				MARKETING_VERSION = 1.0;
				PRODUCT_BUNDLE_IDENTIFIER = "creativelabs.pocket-studio";
				PRODUCT_NAME = "$(TARGET_NAME)";
				SWIFT_EMIT_LOC_STRINGS = YES;
				SWIFT_VERSION = 5.0;
				TARGETED_DEVICE_FAMILY = "1,2";
			};
			name = Debug;
		};
		641D1F682A00C8FF00F369CA /* Release */ = {
			isa = XCBuildConfiguration;
			buildSettings = {
				ASSETCATALOG_COMPILER_APPICON_NAME = AppIcon;
				ASSETCATALOG_COMPILER_GLOBAL_ACCENT_COLOR_NAME = AccentColor;
				CODE_SIGN_STYLE = Automatic;
				CURRENT_PROJECT_VERSION = 1;
				DEVELOPMENT_ASSET_PATHS = "\"pocket-studio/Preview Content\"";
				DEVELOPMENT_TEAM = RJFJY3KM3B;
				ENABLE_PREVIEWS = YES;
				GENERATE_INFOPLIST_FILE = YES;
				INFOPLIST_KEY_UIApplicationSceneManifest_Generation = YES;
				INFOPLIST_KEY_UIApplicationSupportsIndirectInputEvents = YES;
				INFOPLIST_KEY_UILaunchScreen_Generation = YES;
				INFOPLIST_KEY_UISupportedInterfaceOrientations_iPad = "UIInterfaceOrientationPortrait UIInterfaceOrientationPortraitUpsideDown UIInterfaceOrientationLandscapeLeft UIInterfaceOrientationLandscapeRight";
				INFOPLIST_KEY_UISupportedInterfaceOrientations_iPhone = "UIInterfaceOrientationPortrait UIInterfaceOrientationLandscapeLeft UIInterfaceOrientationLandscapeRight";
				IPHONEOS_DEPLOYMENT_TARGET = 16.0;
				LD_RUNPATH_SEARCH_PATHS = (
					"$(inherited)",
					"@executable_path/Frameworks",
				);
				MARKETING_VERSION = 1.0;
				PRODUCT_BUNDLE_IDENTIFIER = "creativelabs.pocket-studio";
				PRODUCT_NAME = "$(TARGET_NAME)";
				SWIFT_EMIT_LOC_STRINGS = YES;
				SWIFT_VERSION = 5.0;
				TARGETED_DEVICE_FAMILY = "1,2";
			};
			name = Release;
		};
/* End XCBuildConfiguration section */

/* Begin XCConfigurationList section */
		641D1F532A00C8FE00F369CA /* Build configuration list for PBXProject "pocket-studio" */ = {
			isa = XCConfigurationList;
			buildConfigurations = (
				641D1F642A00C8FF00F369CA /* Debug */,
				641D1F652A00C8FF00F369CA /* Release */,
			);
			defaultConfigurationIsVisible = 0;
			defaultConfigurationName = Release;
		};
		641D1F662A00C8FF00F369CA /* Build configuration list for PBXNativeTarget "pocket-studio" */ = {
			isa = XCConfigurationList;
			buildConfigurations = (
				641D1F672A00C8FF00F369CA /* Debug */,
				641D1F682A00C8FF00F369CA /* Release */,
			);
			defaultConfigurationIsVisible = 0;
			defaultConfigurationName = Release;
		};
/* End XCConfigurationList section */
	};
	rootObject = 641D1F502A00C8FE00F369CA /* Project object */;
}
